
Microsoft Visual Studio Solution File, Format Version 12.00
# Visual Studio Version 17
VisualStudioVersion = 17.0.31903.59
MinimumVisualStudioVersion = 10.0.40219.1
Project("{2150E333-8FDC-42A3-9474-1A3956D46DE8}") = "Root", "Root", "{8C495B55-5A63-4C99-8756-47DFAFFF8AA9}"
EndProject
Project("{9A19103F-16F7-4668-BE54-9A1E7A4F7556}") = "Root.Data", "Root.Data\Root.Data.csproj", "{08288534-CFF4-4C32-BEF7-7B086E3A99A5}"
EndProject
Project("{9A19103F-16F7-4668-BE54-9A1E7A4F7556}") = "Root.Models", "Root.Models\Root.Models.csproj", "{ADE33BA7-0A04-4B1F-BD0F-407B7642D53A}"
EndProject
Project("{2150E333-8FDC-42A3-9474-1A3956D46DE8}") = "Admin", "Admin", "{068F8914-3682-4D6B-8296-8894CF19562D}"
EndProject
Project("{9A19103F-16F7-4668-BE54-9A1E7A4F7556}") = "App.AdminPortal", "App.AdminPortal\App.AdminPortal.csproj", "{EF98F8F4-E729-4D69-9117-0A097E68D450}"
EndProject
Project("{2150E333-8FDC-42A3-9474-1A3956D46DE8}") = "API", "API", "{FF562748-CDCC-45C1-B008-30FF7EC8295D}"
EndProject
Project("{9A19103F-16F7-4668-BE54-9A1E7A4F7556}") = "App.API", "App.API\App.API.csproj", "{F354D661-9959-4E95-8969-092FC37E2F69}"
EndProject
Project("{9A19103F-16F7-4668-BE54-9A1E7A4F7556}") = "Root.Services", "Root.Services\Root.Services.csproj", "{5448D28C-05A5-4574-ABB4-365ED874745A}"
EndProject
Project("{9A19103F-16F7-4668-BE54-9A1E7A4F7556}") = "App.AdminPortalServices", "App.AdminPortalServices\App.AdminPortalServices.csproj", "{6F2683DD-FC32-4F65-BBBD-5313ADB51AD9}"
EndProject
Project("{FAE04EC0-301F-11D3-BF4B-00C04F79EFBC}") = "App.APIServices", "App.APIServices\App.APIServices.csproj", "{5533204A-2706-4F3B-9A5E-D809C2985C0C}"
EndProject
Global
	GlobalSection(SolutionConfigurationPlatforms) = preSolution
		Debug|Any CPU = Debug|Any CPU
		Release|Any CPU = Release|Any CPU
	EndGlobalSection
	GlobalSection(ProjectConfigurationPlatforms) = postSolution
		{08288534-CFF4-4C32-BEF7-7B086E3A99A5}.Debug|Any CPU.ActiveCfg = Debug|Any CPU
		{08288534-CFF4-4C32-BEF7-7B086E3A99A5}.Debug|Any CPU.Build.0 = Debug|Any CPU
		{08288534-CFF4-4C32-BEF7-7B086E3A99A5}.Release|Any CPU.ActiveCfg = Release|Any CPU
		{08288534-CFF4-4C32-BEF7-7B086E3A99A5}.Release|Any CPU.Build.0 = Release|Any CPU
		{ADE33BA7-0A04-4B1F-BD0F-407B7642D53A}.Debug|Any CPU.ActiveCfg = Debug|Any CPU
		{ADE33BA7-0A04-4B1F-BD0F-407B7642D53A}.Debug|Any CPU.Build.0 = Debug|Any CPU
		{ADE33BA7-0A04-4B1F-BD0F-407B7642D53A}.Release|Any CPU.ActiveCfg = Release|Any CPU
		{ADE33BA7-0A04-4B1F-BD0F-407B7642D53A}.Release|Any CPU.Build.0 = Release|Any CPU
		{EF98F8F4-E729-4D69-9117-0A097E68D450}.Debug|Any CPU.ActiveCfg = Debug|Any CPU
		{EF98F8F4-E729-4D69-9117-0A097E68D450}.Debug|Any CPU.Build.0 = Debug|Any CPU
		{EF98F8F4-E729-4D69-9117-0A097E68D450}.Release|Any CPU.ActiveCfg = Release|Any CPU
		{EF98F8F4-E729-4D69-9117-0A097E68D450}.Release|Any CPU.Build.0 = Release|Any CPU
		{F354D661-9959-4E95-8969-092FC37E2F69}.Debug|Any CPU.ActiveCfg = Debug|Any CPU
		{F354D661-9959-4E95-8969-092FC37E2F69}.Debug|Any CPU.Build.0 = Debug|Any CPU
		{F354D661-9959-4E95-8969-092FC37E2F69}.Release|Any CPU.ActiveCfg = Release|Any CPU
		{F354D661-9959-4E95-8969-092FC37E2F69}.Release|Any CPU.Build.0 = Release|Any CPU
		{5448D28C-05A5-4574-ABB4-365ED874745A}.Debug|Any CPU.ActiveCfg = Debug|Any CPU
		{5448D28C-05A5-4574-ABB4-365ED874745A}.Debug|Any CPU.Build.0 = Debug|Any CPU
		{5448D28C-05A5-4574-ABB4-365ED874745A}.Release|Any CPU.ActiveCfg = Release|Any CPU
		{5448D28C-05A5-4574-ABB4-365ED874745A}.Release|Any CPU.Build.0 = Release|Any CPU
		{6F2683DD-FC32-4F65-BBBD-5313ADB51AD9}.Debug|Any CPU.ActiveCfg = Debug|Any CPU
		{6F2683DD-FC32-4F65-BBBD-5313ADB51AD9}.Debug|Any CPU.Build.0 = Debug|Any CPU
		{6F2683DD-FC32-4F65-BBBD-5313ADB51AD9}.Release|Any CPU.ActiveCfg = Release|Any CPU
		{6F2683DD-FC32-4F65-BBBD-5313ADB51AD9}.Release|Any CPU.Build.0 = Release|Any CPU
		{5533204A-2706-4F3B-9A5E-D809C2985C0C}.Debug|Any CPU.ActiveCfg = Debug|Any CPU
		{5533204A-2706-4F3B-9A5E-D809C2985C0C}.Debug|Any CPU.Build.0 = Debug|Any CPU
		{5533204A-2706-4F3B-9A5E-D809C2985C0C}.Release|Any CPU.ActiveCfg = Release|Any CPU
		{5533204A-2706-4F3B-9A5E-D809C2985C0C}.Release|Any CPU.Build.0 = Release|Any CPU
	EndGlobalSection
	GlobalSection(SolutionProperties) = preSolution
		HideSolutionNode = FALSE
	EndGlobalSection
	GlobalSection(NestedProjects) = preSolution
		{08288534-CFF4-4C32-BEF7-7B086E3A99A5} = {8C495B55-5A63-4C99-8756-47DFAFFF8AA9}
		{ADE33BA7-0A04-4B1F-BD0F-407B7642D53A} = {8C495B55-5A63-4C99-8756-47DFAFFF8AA9}
		{EF98F8F4-E729-4D69-9117-0A097E68D450} = {068F8914-3682-4D6B-8296-8894CF19562D}
		{F354D661-9959-4E95-8969-092FC37E2F69} = {FF562748-CDCC-45C1-B008-30FF7EC8295D}
		{5448D28C-05A5-4574-ABB4-365ED874745A} = {8C495B55-5A63-4C99-8756-47DFAFFF8AA9}
		{6F2683DD-FC32-4F65-BBBD-5313ADB51AD9} = {068F8914-3682-4D6B-8296-8894CF19562D}
		{5533204A-2706-4F3B-9A5E-D809C2985C0C} = {FF562748-CDCC-45C1-B008-30FF7EC8295D}
	EndGlobalSection
	GlobalSection(ExtensibilityGlobals) = postSolution
		SolutionGuid = {C1BA60C8-8E03-400E-BDA1-0B9225876C76}
	EndGlobalSection
EndGlobal
